
Microsoft Visual Studio Solution File, Format Version 11.00
# Visual Studio 2010
Project("{FAE04EC0-301F-11D3-BF4B-00C04F79EFBC}") = "UtoVR", "Assembly-CSharp.csproj", "{60669DBC-5979-63B6-2FF4-4CED2FB737F4}"
EndProject
Project("{FAE04EC0-301F-11D3-BF4B-00C04F79EFBC}") = "UtoVR", "Assembly-CSharp-Editor.csproj", "{78E2C6C2-97D4-1FE6-5206-8256CBBE12D7}"
EndProject
Global
	GlobalSection(SolutionConfigurationPlatforms) = preSolution
		Debug|Any CPU = Debug|Any CPU
		Release|Any CPU = Release|Any CPU
	EndGlobalSection
	GlobalSection(ProjectConfigurationPlatforms) = postSolution
		{60669DBC-5979-63B6-2FF4-4CED2FB737F4}.Debug|Any CPU.ActiveCfg = Debug|Any CPU
		{60669DBC-5979-63B6-2FF4-4CED2FB737F4}.Debug|Any CPU.Build.0 = Debug|Any CPU
		{60669DBC-5979-63B6-2FF4-4CED2FB737F4}.Release|Any CPU.ActiveCfg = Release|Any CPU
		{60669DBC-5979-63B6-2FF4-4CED2FB737F4}.Release|Any CPU.Build.0 = Release|Any CPU
		{78E2C6C2-97D4-1FE6-5206-8256CBBE12D7}.Debug|Any CPU.ActiveCfg = Debug|Any CPU
		{78E2C6C2-97D4-1FE6-5206-8256CBBE12D7}.Debug|Any CPU.Build.0 = Debug|Any CPU
		{78E2C6C2-97D4-1FE6-5206-8256CBBE12D7}.Release|Any CPU.ActiveCfg = Release|Any CPU
		{78E2C6C2-97D4-1FE6-5206-8256CBBE12D7}.Release|Any CPU.Build.0 = Release|Any CPU
	EndGlobalSection
	GlobalSection(SolutionProperties) = preSolution
		HideSolutionNode = FALSE
	EndGlobalSection
	GlobalSection(MonoDevelopProperties) = preSolution
		StartupItem = Assembly-CSharp.csproj
	EndGlobalSection
EndGlobal
